// !$*UTF8*$!
{
	archiveVersion = 1;
	classes = {
	};
	objectVersion = 48;
	objects = {

/* Begin PBXBuildFile section */
		9C6A32CD22D16D9A001D4B96 /* main.cpp in Sources */ = {isa = PBXBuildFile; fileRef = 9CB2F4852288CA75008A576B /* main.cpp */; };
/* End PBXBuildFile section */

/* Begin PBXCopyFilesBuildPhase section */
		9CB2F4802288CA75008A576B /* CopyFiles */ = {
			isa = PBXCopyFilesBuildPhase;
			buildActionMask = 2147483647;
			dstPath = /usr/share/man/man1/;
			dstSubfolderSpec = 0;
			files = (
			);
			runOnlyForDeploymentPostprocessing = 1;
		};
/* End PBXCopyFilesBuildPhase section */

/* Begin PBXFileReference section */
		9CAD272023F0AE9900B1439D /* ray.h */ = {isa = PBXFileReference; lastKnownFileType = sourcecode.c.h; path = ray.h; sourceTree = "<group>"; };
		9CAD272123F9FCD800B1439D /* hitable.h */ = {isa = PBXFileReference; lastKnownFileType = sourcecode.c.h; path = hitable.h; sourceTree = "<group>"; };
		9CAD272323FA01A300B1439D /* sphere.h */ = {isa = PBXFileReference; lastKnownFileType = sourcecode.c.h; path = sphere.h; sourceTree = "<group>"; };
		9CAD272423FA063E00B1439D /* hittable_list.h */ = {isa = PBXFileReference; lastKnownFileType = sourcecode.c.h; path = hittable_list.h; sourceTree = "<group>"; };
		9CAD272523FA3D6600B1439D /* random.h */ = {isa = PBXFileReference; lastKnownFileType = sourcecode.c.h; path = random.h; sourceTree = "<group>"; };
		9CAD272623FA3DB200B1439D /* camera.h */ = {isa = PBXFileReference; lastKnownFileType = sourcecode.c.h; path = camera.h; sourceTree = "<group>"; };
		9CAD2727241B0DD200B1439D /* material.h */ = {isa = PBXFileReference; lastKnownFileType = sourcecode.c.h; path = material.h; sourceTree = "<group>"; };
		9CAD2728241F32A100B1439D /* lambertian.h */ = {isa = PBXFileReference; lastKnownFileType = sourcecode.c.h; path = lambertian.h; sourceTree = "<group>"; };
		9CAD272924246DF500B1439D /* material_hit.h */ = {isa = PBXFileReference; lastKnownFileType = sourcecode.c.h; path = material_hit.h; sourceTree = "<group>"; };
		9CAD272A24246FB600B1439D /* hit_record.h */ = {isa = PBXFileReference; lastKnownFileType = sourcecode.c.h; path = hit_record.h; sourceTree = "<group>"; };
		9CAD272B242472AC00B1439D /* material_scatter.h */ = {isa = PBXFileReference; lastKnownFileType = sourcecode.c.h; path = material_scatter.h; sourceTree = "<group>"; };
		9CAD272C2424860200B1439D /* vec_ops.h */ = {isa = PBXFileReference; lastKnownFileType = sourcecode.c.h; path = vec_ops.h; sourceTree = "<group>"; };
		9CAD272D242486EF00B1439D /* metal.h */ = {isa = PBXFileReference; lastKnownFileType = sourcecode.c.h; path = metal.h; sourceTree = "<group>"; };
		9CB2F4822288CA75008A576B /* ray */ = {isa = PBXFileReference; explicitFileType = "compiled.mach-o.executable"; includeInIndex = 0; path = ray; sourceTree = BUILT_PRODUCTS_DIR; };
		9CB2F4852288CA75008A576B /* main.cpp */ = {isa = PBXFileReference; fileEncoding = 4; lastKnownFileType = sourcecode.cpp.cpp; lineEnding = 0; path = main.cpp; sourceTree = "<group>"; };
/* End PBXFileReference section */

/* Begin PBXFrameworksBuildPhase section */
		9CB2F47F2288CA75008A576B /* Frameworks */ = {
			isa = PBXFrameworksBuildPhase;
			buildActionMask = 2147483647;
			files = (
			);
			runOnlyForDeploymentPostprocessing = 0;
		};
/* End PBXFrameworksBuildPhase section */

/* Begin PBXGroup section */
		9CB2F4792288CA75008A576B = {
			isa = PBXGroup;
			children = (
				9CB2F4842288CA75008A576B /* ray */,
				9CB2F4832288CA75008A576B /* Products */,
			);
			sourceTree = "<group>";
		};
		9CB2F4832288CA75008A576B /* Products */ = {
			isa = PBXGroup;
			children = (
				9CB2F4822288CA75008A576B /* ray */,
			);
			name = Products;
			sourceTree = "<group>";
		};
		9CB2F4842288CA75008A576B /* ray */ = {
			isa = PBXGroup;
			children = (
				9CB2F48C2288D09D008A576B /* headers */,
				9CB2F4852288CA75008A576B /* main.cpp */,
			);
			path = ray;
			sourceTree = "<group>";
		};
		9CB2F48C2288D09D008A576B /* headers */ = {
			isa = PBXGroup;
			children = (
				9CAD272023F0AE9900B1439D /* ray.h */,
				9CAD272123F9FCD800B1439D /* hitable.h */,
				9CAD272323FA01A300B1439D /* sphere.h */,
				9CAD272423FA063E00B1439D /* hittable_list.h */,
				9CAD272523FA3D6600B1439D /* random.h */,
				9CAD272623FA3DB200B1439D /* camera.h */,
				9CAD2727241B0DD200B1439D /* material.h */,
				9CAD2728241F32A100B1439D /* lambertian.h */,
				9CAD272924246DF500B1439D /* material_hit.h */,
				9CAD272A24246FB600B1439D /* hit_record.h */,
				9CAD272B242472AC00B1439D /* material_scatter.h */,
				9CAD272C2424860200B1439D /* vec_ops.h */,
				9CAD272D242486EF00B1439D /* metal.h */,
			);
			path = headers;
			sourceTree = "<group>";
		};
/* End PBXGroup section */

/* Begin PBXNativeTarget section */
		9CB2F4812288CA75008A576B /* ray */ = {
			isa = PBXNativeTarget;
			buildConfigurationList = 9CB2F4892288CA75008A576B /* Build configuration list for PBXNativeTarget "ray" */;
			buildPhases = (
				9CB2F47E2288CA75008A576B /* Sources */,
				9CB2F47F2288CA75008A576B /* Frameworks */,
				9CB2F4802288CA75008A576B /* CopyFiles */,
			);
			buildRules = (
			);
			dependencies = (
			);
			name = ray;
			productName = ray;
			productReference = 9CB2F4822288CA75008A576B /* ray */;
			productType = "com.apple.product-type.tool";
		};
/* End PBXNativeTarget section */

/* Begin PBXProject section */
		9CB2F47A2288CA75008A576B /* Project object */ = {
			isa = PBXProject;
			attributes = {
				LastUpgradeCheck = 0900;
				ORGANIZATIONNAME = "Marcelo de Mattos Nascimento";
				TargetAttributes = {
					9CB2F4812288CA75008A576B = {
						CreatedOnToolsVersion = 9.0.1;
						ProvisioningStyle = Automatic;
					};
				};
			};
			buildConfigurationList = 9CB2F47D2288CA75008A576B /* Build configuration list for PBXProject "ray" */;
			compatibilityVersion = "Xcode 8.0";
			developmentRegion = en;
			hasScannedForEncodings = 0;
			knownRegions = (
				en,
			);
			mainGroup = 9CB2F4792288CA75008A576B;
			productRefGroup = 9CB2F4832288CA75008A576B /* Products */;
			projectDirPath = "";
			projectRoot = "";
			targets = (
				9CB2F4812288CA75008A576B /* ray */,
			);
		};
/* End PBXProject section */

/* Begin PBXSourcesBuildPhase section */
		9CB2F47E2288CA75008A576B /* Sources */ = {
			isa = PBXSourcesBuildPhase;
			buildActionMask = 2147483647;
			files = (
				9C6A32CD22D16D9A001D4B96 /* main.cpp in Sources */,
			);
			runOnlyForDeploymentPostprocessing = 0;
		};
/* End PBXSourcesBuildPhase section */

/* Begin XCBuildConfiguration section */
		9CB2F4872288CA75008A576B /* Debug */ = {
			isa = XCBuildConfiguration;
			buildSettings = {
				ALWAYS_SEARCH_USER_PATHS = NO;
				ARCHS = "$(NATIVE_ARCH_ACTUAL)";
				CLANG_ANALYZER_NONNULL = YES;
				CLANG_ANALYZER_NUMBER_OBJECT_CONVERSION = YES_AGGRESSIVE;
				CLANG_CXX_LANGUAGE_STANDARD = "c++17";
				CLANG_CXX_LIBRARY = "compiler-default";
				CLANG_ENABLE_MODULES = YES;
				CLANG_ENABLE_OBJC_ARC = YES;
				CLANG_WARN_BLOCK_CAPTURE_AUTORELEASING = YES;
				CLANG_WARN_BOOL_CONVERSION = YES;
				CLANG_WARN_COMMA = YES;
				CLANG_WARN_CONSTANT_CONVERSION = YES;
				CLANG_WARN_DIRECT_OBJC_ISA_USAGE = YES_ERROR;
				CLANG_WARN_DOCUMENTATION_COMMENTS = YES;
				CLANG_WARN_EMPTY_BODY = YES;
				CLANG_WARN_ENUM_CONVERSION = YES;
				CLANG_WARN_INFINITE_RECURSION = YES;
				CLANG_WARN_INT_CONVERSION = YES;
				CLANG_WARN_NON_LITERAL_NULL_CONVERSION = YES;
				CLANG_WARN_OBJC_LITERAL_CONVERSION = YES;
				CLANG_WARN_OBJC_ROOT_CLASS = YES_ERROR;
				CLANG_WARN_RANGE_LOOP_ANALYSIS = YES;
				CLANG_WARN_STRICT_PROTOTYPES = YES;
				CLANG_WARN_SUSPICIOUS_MOVE = YES;
				CLANG_WARN_UNGUARDED_AVAILABILITY = YES_AGGRESSIVE;
				CLANG_WARN_UNREACHABLE_CODE = YES;
				CLANG_WARN__DUPLICATE_METHOD_MATCH = YES;
				CODE_SIGN_IDENTITY = "-";
				COPY_PHASE_STRIP = NO;
				DEBUG_INFORMATION_FORMAT = dwarf;
				ENABLE_STRICT_OBJC_MSGSEND = YES;
				ENABLE_TESTABILITY = YES;
				GCC_C_LANGUAGE_STANDARD = gnu11;
				GCC_DYNAMIC_NO_PIC = NO;
				GCC_NO_COMMON_BLOCKS = YES;
				GCC_OPTIMIZATION_LEVEL = 0;
				GCC_PREPROCESSOR_DEFINITIONS = (
					"DEBUG=1",
					"$(inherited)",
				);
				GCC_WARN_64_TO_32_BIT_CONVERSION = YES;
				GCC_WARN_ABOUT_RETURN_TYPE = YES_ERROR;
				GCC_WARN_UNDECLARED_SELECTOR = YES;
				GCC_WARN_UNINITIALIZED_AUTOS = YES_AGGRESSIVE;
				GCC_WARN_UNUSED_FUNCTION = YES;
				GCC_WARN_UNUSED_VARIABLE = YES;
				"HEADER_SEARCH_PATHS[arch=x86_64]" = (
					/usr/local/include/eigen3/,
					/usr/local/include,
					/opt/X11/include,
				);
				"LIBRARY_SEARCH_PATHS[arch=x86_64]" = /opt/X11/lib;
				MACOSX_DEPLOYMENT_TARGET = 10.14;
				MTL_ENABLE_DEBUG_INFO = YES;
				ONLY_ACTIVE_ARCH = YES;
				"OTHER_LDFLAGS[arch=x86_64]" = "-lX11";
				SDKROOT = macosx;
			};
			name = Debug;
		};
		9CB2F4882288CA75008A576B /* Release */ = {
			isa = XCBuildConfiguration;
			buildSettings = {
				ALWAYS_SEARCH_USER_PATHS = NO;
				ARCHS = "$(NATIVE_ARCH_ACTUAL)";
				CLANG_ANALYZER_NONNULL = YES;
				CLANG_ANALYZER_NUMBER_OBJECT_CONVERSION = YES_AGGRESSIVE;
				CLANG_CXX_LANGUAGE_STANDARD = "c++17";
				CLANG_CXX_LIBRARY = "compiler-default";
				CLANG_ENABLE_MODULES = YES;
				CLANG_ENABLE_OBJC_ARC = YES;
				CLANG_WARN_BLOCK_CAPTURE_AUTORELEASING = YES;
				CLANG_WARN_BOOL_CONVERSION = YES;
				CLANG_WARN_COMMA = YES;
				CLANG_WARN_CONSTANT_CONVERSION = YES;
				CLANG_WARN_DIRECT_OBJC_ISA_USAGE = YES_ERROR;
				CLANG_WARN_DOCUMENTATION_COMMENTS = YES;
				CLANG_WARN_EMPTY_BODY = YES;
				CLANG_WARN_ENUM_CONVERSION = YES;
				CLANG_WARN_INFINITE_RECURSION = YES;
				CLANG_WARN_INT_CONVERSION = YES;
				CLANG_WARN_NON_LITERAL_NULL_CONVERSION = YES;
				CLANG_WARN_OBJC_LITERAL_CONVERSION = YES;
				CLANG_WARN_OBJC_ROOT_CLASS = YES_ERROR;
				CLANG_WARN_RANGE_LOOP_ANALYSIS = YES;
				CLANG_WARN_STRICT_PROTOTYPES = YES;
				CLANG_WARN_SUSPICIOUS_MOVE = YES;
				CLANG_WARN_UNGUARDED_AVAILABILITY = YES_AGGRESSIVE;
				CLANG_WARN_UNREACHABLE_CODE = YES;
				CLANG_WARN__DUPLICATE_METHOD_MATCH = YES;
				CODE_SIGN_IDENTITY = "-";
				COPY_PHASE_STRIP = NO;
				DEBUG_INFORMATION_FORMAT = dwarf;
				ENABLE_NS_ASSERTIONS = NO;
				ENABLE_STRICT_OBJC_MSGSEND = YES;
				GCC_C_LANGUAGE_STANDARD = gnu11;
				GCC_NO_COMMON_BLOCKS = YES;
				GCC_OPTIMIZATION_LEVEL = fast;
				GCC_WARN_64_TO_32_BIT_CONVERSION = YES;
				GCC_WARN_ABOUT_RETURN_TYPE = YES_ERROR;
				GCC_WARN_UNDECLARED_SELECTOR = YES;
				GCC_WARN_UNINITIALIZED_AUTOS = YES_AGGRESSIVE;
				GCC_WARN_UNUSED_FUNCTION = YES;
				GCC_WARN_UNUSED_VARIABLE = YES;
				HEADER_SEARCH_PATHS = (
					/usr/local/include/eigen3/,
					/usr/local/include,
					/opt/X11/include,
				);
				LIBRARY_SEARCH_PATHS = /opt/X11/lib;
				MACOSX_DEPLOYMENT_TARGET = 10.14;
				MTL_ENABLE_DEBUG_INFO = NO;
				ONLY_ACTIVE_ARCH = YES;
				"OTHER_LDFLAGS[arch=x86_64]" = "-lX11";
				SDKROOT = macosx;
			};
			name = Release;
		};
		9CB2F48A2288CA75008A576B /* Debug */ = {
			isa = XCBuildConfiguration;
			buildSettings = {
				CLANG_CXX_LANGUAGE_STANDARD = "c++17";
				CODE_SIGN_STYLE = Automatic;
				PRODUCT_NAME = "$(TARGET_NAME)";
			};
			name = Debug;
		};
		9CB2F48B2288CA75008A576B /* Release */ = {
			isa = XCBuildConfiguration;
			buildSettings = {
				CLANG_CXX_LANGUAGE_STANDARD = "c++17";
				CODE_SIGN_STYLE = Automatic;
				PRODUCT_NAME = "$(TARGET_NAME)";
			};
			name = Release;
		};
/* End XCBuildConfiguration section */

/* Begin XCConfigurationList section */
		9CB2F47D2288CA75008A576B /* Build configuration list for PBXProject "ray" */ = {
			isa = XCConfigurationList;
			buildConfigurations = (
				9CB2F4872288CA75008A576B /* Debug */,
				9CB2F4882288CA75008A576B /* Release */,
			);
			defaultConfigurationIsVisible = 0;
			defaultConfigurationName = Release;
		};
		9CB2F4892288CA75008A576B /* Build configuration list for PBXNativeTarget "ray" */ = {
			isa = XCConfigurationList;
			buildConfigurations = (
				9CB2F48A2288CA75008A576B /* Debug */,
				9CB2F48B2288CA75008A576B /* Release */,
			);
			defaultConfigurationIsVisible = 0;
			defaultConfigurationName = Release;
		};
/* End XCConfigurationList section */
	};
	rootObject = 9CB2F47A2288CA75008A576B /* Project object */;
}
